
Microsoft Visual Studio Solution File, Format Version 12.00
# Visual Studio Version 17
VisualStudioVersion = 17.4.33205.214
MinimumVisualStudioVersion = 10.0.40219.1
Project("{888888A0-9F3D-457C-B088-3A5042F75D52}") = "sqlite", "sqlite.pyproj", "{D535E9C4-3AAC-46F5-9D99-2E73FC0301CD}"
EndProject
Global
	GlobalSection(SolutionConfigurationPlatforms) = preSolution
		Debug|Any CPU = Debug|Any CPU
		Release|Any CPU = Release|Any CPU
	EndGlobalSection
	GlobalSection(ProjectConfigurationPlatforms) = postSolution
		{D535E9C4-3AAC-46F5-9D99-2E73FC0301CD}.Debug|Any CPU.ActiveCfg = Debug|Any CPU
		{D535E9C4-3AAC-46F5-9D99-2E73FC0301CD}.Release|Any CPU.ActiveCfg = Release|Any CPU
	EndGlobalSection
	GlobalSection(SolutionProperties) = preSolution
		HideSolutionNode = FALSE
	EndGlobalSection
	GlobalSection(ExtensibilityGlobals) = postSolution
		SolutionGuid = {A6EB8D7D-5C10-4AE8-A855-C94DA2932F21}
	EndGlobalSection
EndGlobal
